
Microsoft Visual Studio Solution File, Format Version 12.00
# Visual Studio 15
VisualStudioVersion = 15.0.27004.2009
MinimumVisualStudioVersion = 10.0.40219.1
Project("{FAE04EC0-301F-11D3-BF4B-00C04F79EFBC}") = "EOSWallet", "EOSWallet\EOSWallet.csproj", "{9EF6F5E0-CABE-4EC0-B535-91E964D59F36}"
EndProject
Global
	GlobalSection(SolutionConfigurationPlatforms) = preSolution
		Debug|Any CPU = Debug|Any CPU
		Release|Any CPU = Release|Any CPU
	EndGlobalSection
	GlobalSection(ProjectConfigurationPlatforms) = postSolution
		{9EF6F5E0-CABE-4EC0-B535-91E964D59F36}.Debug|Any CPU.ActiveCfg = Debug|Any CPU
		{9EF6F5E0-CABE-4EC0-B535-91E964D59F36}.Debug|Any CPU.Build.0 = Debug|Any CPU
		{9EF6F5E0-CABE-4EC0-B535-91E964D59F36}.Release|Any CPU.ActiveCfg = Release|Any CPU
		{9EF6F5E0-CABE-4EC0-B535-91E964D59F36}.Release|Any CPU.Build.0 = Release|Any CPU
	EndGlobalSection
	GlobalSection(SolutionProperties) = preSolution
		HideSolutionNode = FALSE
	EndGlobalSection
	GlobalSection(ExtensibilityGlobals) = postSolution
		SolutionGuid = {0C7F4EFD-47FC-4F5E-865B-6A036082AF6F}
	EndGlobalSection
EndGlobal
